{
  "name": "discord-template",
  "version": "1.2",
  "lockfileVersion": 3,
  "requires": true,
  "packages": {
    "": {
      "name": "discord-template",
      "version": "1.2",
      "hasInstallScript": true,
      "license": "MIT",
      "devDependencies": {
        "cloudflared": "^0.5.3"
      }
    },
    "node_modules/cloudflared": {
      "version": "0.5.3",
      "resolved": "https://registry.npmjs.org/cloudflared/-/cloudflared-0.5.3.tgz",
      "integrity": "sha512-v2Hxnm9uZsc3ub4hf7xEzn1MSovY2mGZR2SB/xrvMuV6l+YfFLbE8KYPNuEdpFOS6sWldOvy/bpNhKvMQKsM+Q==",
      "dev": true,
      "hasInstallScript": true,
      "license": "MIT",
      "bin": {
        "cloudflared": "lib/cloudflared.js"
      }
    }
  }
}
